
Microsoft Visual Studio Solution File, Format Version 12.00
# Visual Studio Version 16
VisualStudioVersion = 16.0.29728.190
MinimumVisualStudioVersion = 10.0.40219.1
Project("{FAE04EC0-301F-11D3-BF4B-00C04F79EFBC}") = "SWD_lek03_01", "SWD_lek03\SWD_lek03_01.csproj", "{F17FA470-48EE-4832-B9BE-E9402399BD96}"
EndProject
Global
	GlobalSection(SolutionConfigurationPlatforms) = preSolution
		Debug|Any CPU = Debug|Any CPU
		Release|Any CPU = Release|Any CPU
	EndGlobalSection
	GlobalSection(ProjectConfigurationPlatforms) = postSolution
		{F17FA470-48EE-4832-B9BE-E9402399BD96}.Debug|Any CPU.ActiveCfg = Debug|Any CPU
		{F17FA470-48EE-4832-B9BE-E9402399BD96}.Debug|Any CPU.Build.0 = Debug|Any CPU
		{F17FA470-48EE-4832-B9BE-E9402399BD96}.Release|Any CPU.ActiveCfg = Release|Any CPU
		{F17FA470-48EE-4832-B9BE-E9402399BD96}.Release|Any CPU.Build.0 = Release|Any CPU
	EndGlobalSection
	GlobalSection(SolutionProperties) = preSolution
		HideSolutionNode = FALSE
	EndGlobalSection
	GlobalSection(ExtensibilityGlobals) = postSolution
		SolutionGuid = {BBBFBB8B-1F80-4592-B638-E234354D3C9A}
	EndGlobalSection
EndGlobal
